
Microsoft Visual Studio Solution File, Format Version 12.00
Project("{FAE04EC0-301F-11D3-BF4B-00C04F79EFBC}") = "MarketMaker", "MarketMaker\MarketMaker.csproj", "{D1A97E75-D264-432C-942A-1E5E2EA91B96}"
EndProject
Project("{FAE04EC0-301F-11D3-BF4B-00C04F79EFBC}") = "TestMarketMaker", "TestMarketMaker\TestMarketMaker.csproj", "{EB93132C-7293-4190-8222-6A9198795A03}"
EndProject
Project("{FAE04EC0-301F-11D3-BF4B-00C04F79EFBC}") = "BenchmarkMarketMaker", "BenchmarkMarketMaker\BenchmarkMarketMaker.csproj", "{87520014-28D4-44F5-AA16-14BC3CFB3030}"
EndProject
Project("{FAE04EC0-301F-11D3-BF4B-00C04F79EFBC}") = "MarketMaker.Contracts", "MarketMaker.Contracts\MarketMaker.Contracts.csproj", "{E03C7B2B-FC59-4540-89CA-CB3DCA7A465F}"
EndProject
Global
	GlobalSection(SolutionConfigurationPlatforms) = preSolution
		Debug|Any CPU = Debug|Any CPU
		Release|Any CPU = Release|Any CPU
	EndGlobalSection
	GlobalSection(ProjectConfigurationPlatforms) = postSolution
		{D1A97E75-D264-432C-942A-1E5E2EA91B96}.Debug|Any CPU.ActiveCfg = Debug|Any CPU
		{D1A97E75-D264-432C-942A-1E5E2EA91B96}.Debug|Any CPU.Build.0 = Debug|Any CPU
		{D1A97E75-D264-432C-942A-1E5E2EA91B96}.Release|Any CPU.ActiveCfg = Release|Any CPU
		{D1A97E75-D264-432C-942A-1E5E2EA91B96}.Release|Any CPU.Build.0 = Release|Any CPU
		{EB93132C-7293-4190-8222-6A9198795A03}.Debug|Any CPU.ActiveCfg = Debug|Any CPU
		{EB93132C-7293-4190-8222-6A9198795A03}.Debug|Any CPU.Build.0 = Debug|Any CPU
		{EB93132C-7293-4190-8222-6A9198795A03}.Release|Any CPU.ActiveCfg = Release|Any CPU
		{EB93132C-7293-4190-8222-6A9198795A03}.Release|Any CPU.Build.0 = Release|Any CPU
		{87520014-28D4-44F5-AA16-14BC3CFB3030}.Debug|Any CPU.ActiveCfg = Debug|Any CPU
		{87520014-28D4-44F5-AA16-14BC3CFB3030}.Debug|Any CPU.Build.0 = Debug|Any CPU
		{87520014-28D4-44F5-AA16-14BC3CFB3030}.Release|Any CPU.ActiveCfg = Release|Any CPU
		{87520014-28D4-44F5-AA16-14BC3CFB3030}.Release|Any CPU.Build.0 = Release|Any CPU
		{E03C7B2B-FC59-4540-89CA-CB3DCA7A465F}.Debug|Any CPU.ActiveCfg = Debug|Any CPU
		{E03C7B2B-FC59-4540-89CA-CB3DCA7A465F}.Debug|Any CPU.Build.0 = Debug|Any CPU
		{E03C7B2B-FC59-4540-89CA-CB3DCA7A465F}.Release|Any CPU.ActiveCfg = Release|Any CPU
		{E03C7B2B-FC59-4540-89CA-CB3DCA7A465F}.Release|Any CPU.Build.0 = Release|Any CPU
	EndGlobalSection
EndGlobal
